
Microsoft Visual Studio Solution File, Format Version 12.00
# Visual Studio Version 16
VisualStudioVersion = 16.0.29905.134
MinimumVisualStudioVersion = 10.0.40219.1
Project("{FAE04EC0-301F-11D3-BF4B-00C04F79EFBC}") = "PackingModule", "DeburringProcess_Peekay\PackingModule.csproj", "{73693DF9-C4BC-4A93-A099-4496E2FD6073}"
EndProject
Global
	GlobalSection(SolutionConfigurationPlatforms) = preSolution
		Debug|Any CPU = Debug|Any CPU
		Release|Any CPU = Release|Any CPU
	EndGlobalSection
	GlobalSection(ProjectConfigurationPlatforms) = postSolution
		{73693DF9-C4BC-4A93-A099-4496E2FD6073}.Debug|Any CPU.ActiveCfg = Debug|Any CPU
		{73693DF9-C4BC-4A93-A099-4496E2FD6073}.Debug|Any CPU.Build.0 = Debug|Any CPU
		{73693DF9-C4BC-4A93-A099-4496E2FD6073}.Release|Any CPU.ActiveCfg = Release|Any CPU
		{73693DF9-C4BC-4A93-A099-4496E2FD6073}.Release|Any CPU.Build.0 = Release|Any CPU
	EndGlobalSection
	GlobalSection(SolutionProperties) = preSolution
		HideSolutionNode = FALSE
	EndGlobalSection
	GlobalSection(ExtensibilityGlobals) = postSolution
		SolutionGuid = {A2757DDA-27F7-473F-9D66-2019C76A9953}
	EndGlobalSection
EndGlobal
